
Microsoft Visual Studio Solution File, Format Version 12.00
# Visual Studio Version 16
VisualStudioVersion = 16.0.30503.244
MinimumVisualStudioVersion = 10.0.40219.1
Project("{FAE04EC0-301F-11D3-BF4B-00C04F79EFBC}") = "TestProjMK0", "ConsoleApp3\TestProjMK0.csproj", "{3F087E08-0CB8-4215-84FB-BD66CD6E9B68}"
EndProject
Global
	GlobalSection(SolutionConfigurationPlatforms) = preSolution
		Debug|Any CPU = Debug|Any CPU
		Release|Any CPU = Release|Any CPU
	EndGlobalSection
	GlobalSection(ProjectConfigurationPlatforms) = postSolution
		{3F087E08-0CB8-4215-84FB-BD66CD6E9B68}.Debug|Any CPU.ActiveCfg = Debug|Any CPU
		{3F087E08-0CB8-4215-84FB-BD66CD6E9B68}.Debug|Any CPU.Build.0 = Debug|Any CPU
		{3F087E08-0CB8-4215-84FB-BD66CD6E9B68}.Release|Any CPU.ActiveCfg = Release|Any CPU
		{3F087E08-0CB8-4215-84FB-BD66CD6E9B68}.Release|Any CPU.Build.0 = Release|Any CPU
	EndGlobalSection
	GlobalSection(SolutionProperties) = preSolution
		HideSolutionNode = FALSE
	EndGlobalSection
	GlobalSection(ExtensibilityGlobals) = postSolution
		SolutionGuid = {C2294D1D-D30B-4CF2-AD35-0E6763C9BCDB}
	EndGlobalSection
EndGlobal
